// !$*UTF8*$!
{
	archiveVersion = 1;
	classes = {
	};
	objectVersion = 55;
	objects = {

/* Begin PBXBuildFile section */
		B5EDC1D42CC08109003F400E /* AppDelegate.swift in Sources */ = {isa = PBXBuildFile; fileRef = B5EDC1D32CC08109003F400E /* AppDelegate.swift */; };
		B5EDC1D62CC08109003F400E /* SceneDelegate.swift in Sources */ = {isa = PBXBuildFile; fileRef = B5EDC1D52CC08109003F400E /* SceneDelegate.swift */; };
		B5EDC1D82CC08109003F400E /* iniciarSesionViewController.swift in Sources */ = {isa = PBXBuildFile; fileRef = B5EDC1D72CC08109003F400E /* iniciarSesionViewController.swift */; };
		B5EDC1DB2CC08109003F400E /* Main.storyboard in Resources */ = {isa = PBXBuildFile; fileRef = B5EDC1D92CC08109003F400E /* Main.storyboard */; };
		B5EDC1DD2CC0810F003F400E /* Assets.xcassets in Resources */ = {isa = PBXBuildFile; fileRef = B5EDC1DC2CC0810F003F400E /* Assets.xcassets */; };
		B5EDC1E02CC0810F003F400E /* LaunchScreen.storyboard in Resources */ = {isa = PBXBuildFile; fileRef = B5EDC1DE2CC0810F003F400E /* LaunchScreen.storyboard */; };
		B5EDC1E82CC086C7003F400E /* GoogleService-Info.plist in Resources */ = {isa = PBXBuildFile; fileRef = B5EDC1E72CC086C7003F400E /* GoogleService-Info.plist */; };
		B5EDC1EB2CC0892E003F400E /* FirebaseAnalytics in Frameworks */ = {isa = PBXBuildFile; productRef = B5EDC1EA2CC0892E003F400E /* FirebaseAnalytics */; };
		B5EDC1ED2CC0892E003F400E /* FirebaseAnalyticsWithoutAdIdSupport in Frameworks */ = {isa = PBXBuildFile; productRef = B5EDC1EC2CC0892E003F400E /* FirebaseAnalyticsWithoutAdIdSupport */; };
		B5EDC1EF2CC0892E003F400E /* FirebaseAuth in Frameworks */ = {isa = PBXBuildFile; productRef = B5EDC1EE2CC0892E003F400E /* FirebaseAuth */; };
		B5EDC1F12CC0892E003F400E /* FirebaseDatabase in Frameworks */ = {isa = PBXBuildFile; productRef = B5EDC1F02CC0892E003F400E /* FirebaseDatabase */; };
		B5EDC1F32CC0892E003F400E /* FirebaseStorage in Frameworks */ = {isa = PBXBuildFile; productRef = B5EDC1F22CC0892E003F400E /* FirebaseStorage */; };
/* End PBXBuildFile section */

/* Begin PBXFileReference section */
		B5EDC1D02CC08109003F400E /* QuispeMaqqueAbelSnapchat.app */ = {isa = PBXFileReference; explicitFileType = wrapper.application; includeInIndex = 0; path = QuispeMaqqueAbelSnapchat.app; sourceTree = BUILT_PRODUCTS_DIR; };
		B5EDC1D32CC08109003F400E /* AppDelegate.swift */ = {isa = PBXFileReference; lastKnownFileType = sourcecode.swift; path = AppDelegate.swift; sourceTree = "<group>"; };
		B5EDC1D52CC08109003F400E /* SceneDelegate.swift */ = {isa = PBXFileReference; lastKnownFileType = sourcecode.swift; path = SceneDelegate.swift; sourceTree = "<group>"; };
		B5EDC1D72CC08109003F400E /* iniciarSesionViewController.swift */ = {isa = PBXFileReference; lastKnownFileType = sourcecode.swift; path = iniciarSesionViewController.swift; sourceTree = "<group>"; };
		B5EDC1DA2CC08109003F400E /* Base */ = {isa = PBXFileReference; lastKnownFileType = file.storyboard; name = Base; path = Base.lproj/Main.storyboard; sourceTree = "<group>"; };
		B5EDC1DC2CC0810F003F400E /* Assets.xcassets */ = {isa = PBXFileReference; lastKnownFileType = folder.assetcatalog; path = Assets.xcassets; sourceTree = "<group>"; };
		B5EDC1DF2CC0810F003F400E /* Base */ = {isa = PBXFileReference; lastKnownFileType = file.storyboard; name = Base; path = Base.lproj/LaunchScreen.storyboard; sourceTree = "<group>"; };
		B5EDC1E12CC0810F003F400E /* Info.plist */ = {isa = PBXFileReference; lastKnownFileType = text.plist.xml; path = Info.plist; sourceTree = "<group>"; };
		B5EDC1E72CC086C7003F400E /* GoogleService-Info.plist */ = {isa = PBXFileReference; fileEncoding = 4; lastKnownFileType = text.plist.xml; path = "GoogleService-Info.plist"; sourceTree = "<group>"; };
/* End PBXFileReference section */

/* Begin PBXFrameworksBuildPhase section */
		B5EDC1CD2CC08109003F400E /* Frameworks */ = {
			isa = PBXFrameworksBuildPhase;
			buildActionMask = 2147483647;
			files = (
				B5EDC1EB2CC0892E003F400E /* FirebaseAnalytics in Frameworks */,
				B5EDC1EF2CC0892E003F400E /* FirebaseAuth in Frameworks */,
				B5EDC1F12CC0892E003F400E /* FirebaseDatabase in Frameworks */,
				B5EDC1F32CC0892E003F400E /* FirebaseStorage in Frameworks */,
				B5EDC1ED2CC0892E003F400E /* FirebaseAnalyticsWithoutAdIdSupport in Frameworks */,
			);
			runOnlyForDeploymentPostprocessing = 0;
		};
/* End PBXFrameworksBuildPhase section */

/* Begin PBXGroup section */
		B5EDC1C72CC08109003F400E = {
			isa = PBXGroup;
			children = (
				B5EDC1D22CC08109003F400E /* QuispeMaqqueAbelSnapchat */,
				B5EDC1D12CC08109003F400E /* Products */,
			);
			sourceTree = "<group>";
		};
		B5EDC1D12CC08109003F400E /* Products */ = {
			isa = PBXGroup;
			children = (
				B5EDC1D02CC08109003F400E /* QuispeMaqqueAbelSnapchat.app */,
			);
			name = Products;
			sourceTree = "<group>";
		};
		B5EDC1D22CC08109003F400E /* QuispeMaqqueAbelSnapchat */ = {
			isa = PBXGroup;
			children = (
				B5EDC1D32CC08109003F400E /* AppDelegate.swift */,
				B5EDC1D52CC08109003F400E /* SceneDelegate.swift */,
				B5EDC1D72CC08109003F400E /* iniciarSesionViewController.swift */,
				B5EDC1D92CC08109003F400E /* Main.storyboard */,
				B5EDC1DC2CC0810F003F400E /* Assets.xcassets */,
				B5EDC1DE2CC0810F003F400E /* LaunchScreen.storyboard */,
				B5EDC1E12CC0810F003F400E /* Info.plist */,
				B5EDC1E72CC086C7003F400E /* GoogleService-Info.plist */,
			);
			path = QuispeMaqqueAbelSnapchat;
			sourceTree = "<group>";
		};
/* End PBXGroup section */

/* Begin PBXNativeTarget section */
		B5EDC1CF2CC08109003F400E /* QuispeMaqqueAbelSnapchat */ = {
			isa = PBXNativeTarget;
			buildConfigurationList = B5EDC1E42CC0810F003F400E /* Build configuration list for PBXNativeTarget "QuispeMaqqueAbelSnapchat" */;
			buildPhases = (
				B5EDC1CC2CC08109003F400E /* Sources */,
				B5EDC1CD2CC08109003F400E /* Frameworks */,
				B5EDC1CE2CC08109003F400E /* Resources */,
			);
			buildRules = (
			);
			dependencies = (
			);
			name = QuispeMaqqueAbelSnapchat;
			packageProductDependencies = (
				B5EDC1EA2CC0892E003F400E /* FirebaseAnalytics */,
				B5EDC1EC2CC0892E003F400E /* FirebaseAnalyticsWithoutAdIdSupport */,
				B5EDC1EE2CC0892E003F400E /* FirebaseAuth */,
				B5EDC1F02CC0892E003F400E /* FirebaseDatabase */,
				B5EDC1F22CC0892E003F400E /* FirebaseStorage */,
			);
			productName = QuispeMaqqueAbelSnapchat;
			productReference = B5EDC1D02CC08109003F400E /* QuispeMaqqueAbelSnapchat.app */;
			productType = "com.apple.product-type.application";
		};
/* End PBXNativeTarget section */

/* Begin PBXProject section */
		B5EDC1C82CC08109003F400E /* Project object */ = {
			isa = PBXProject;
			attributes = {
				BuildIndependentTargetsInParallel = 1;
				LastSwiftUpdateCheck = 1330;
				LastUpgradeCheck = 1330;
				TargetAttributes = {
					B5EDC1CF2CC08109003F400E = {
						CreatedOnToolsVersion = 13.3.1;
					};
				};
			};
			buildConfigurationList = B5EDC1CB2CC08109003F400E /* Build configuration list for PBXProject "QuispeMaqqueAbelSnapchat" */;
			compatibilityVersion = "Xcode 13.0";
			developmentRegion = en;
			hasScannedForEncodings = 0;
			knownRegions = (
				en,
				Base,
			);
			mainGroup = B5EDC1C72CC08109003F400E;
			packageReferences = (
				B5EDC1E92CC0892E003F400E /* XCRemoteSwiftPackageReference "firebase-ios-sdk" */,
			);
			productRefGroup = B5EDC1D12CC08109003F400E /* Products */;
			projectDirPath = "";
			projectRoot = "";
			targets = (
				B5EDC1CF2CC08109003F400E /* QuispeMaqqueAbelSnapchat */,
			);
		};
/* End PBXProject section */

/* Begin PBXResourcesBuildPhase section */
		B5EDC1CE2CC08109003F400E /* Resources */ = {
			isa = PBXResourcesBuildPhase;
			buildActionMask = 2147483647;
			files = (
				B5EDC1E02CC0810F003F400E /* LaunchScreen.storyboard in Resources */,
				B5EDC1E82CC086C7003F400E /* GoogleService-Info.plist in Resources */,
				B5EDC1DD2CC0810F003F400E /* Assets.xcassets in Resources */,
				B5EDC1DB2CC08109003F400E /* Main.storyboard in Resources */,
			);
			runOnlyForDeploymentPostprocessing = 0;
		};
/* End PBXResourcesBuildPhase section */

/* Begin PBXSourcesBuildPhase section */
		B5EDC1CC2CC08109003F400E /* Sources */ = {
			isa = PBXSourcesBuildPhase;
			buildActionMask = 2147483647;
			files = (
				B5EDC1D82CC08109003F400E /* iniciarSesionViewController.swift in Sources */,
				B5EDC1D42CC08109003F400E /* AppDelegate.swift in Sources */,
				B5EDC1D62CC08109003F400E /* SceneDelegate.swift in Sources */,
			);
			runOnlyForDeploymentPostprocessing = 0;
		};
/* End PBXSourcesBuildPhase section */

/* Begin PBXVariantGroup section */
		B5EDC1D92CC08109003F400E /* Main.storyboard */ = {
			isa = PBXVariantGroup;
			children = (
				B5EDC1DA2CC08109003F400E /* Base */,
			);
			name = Main.storyboard;
			sourceTree = "<group>";
		};
		B5EDC1DE2CC0810F003F400E /* LaunchScreen.storyboard */ = {
			isa = PBXVariantGroup;
			children = (
				B5EDC1DF2CC0810F003F400E /* Base */,
			);
			name = LaunchScreen.storyboard;
			sourceTree = "<group>";
		};
/* End PBXVariantGroup section */

/* Begin XCBuildConfiguration section */
		B5EDC1E22CC0810F003F400E /* Debug */ = {
			isa = XCBuildConfiguration;
			buildSettings = {
				ALWAYS_SEARCH_USER_PATHS = NO;
				CLANG_ANALYZER_NONNULL = YES;
				CLANG_ANALYZER_NUMBER_OBJECT_CONVERSION = YES_AGGRESSIVE;
				CLANG_CXX_LANGUAGE_STANDARD = "gnu++17";
				CLANG_ENABLE_MODULES = YES;
				CLANG_ENABLE_OBJC_ARC = YES;
				CLANG_ENABLE_OBJC_WEAK = YES;
				CLANG_WARN_BLOCK_CAPTURE_AUTORELEASING = YES;
				CLANG_WARN_BOOL_CONVERSION = YES;
				CLANG_WARN_COMMA = YES;
				CLANG_WARN_CONSTANT_CONVERSION = YES;
				CLANG_WARN_DEPRECATED_OBJC_IMPLEMENTATIONS = YES;
				CLANG_WARN_DIRECT_OBJC_ISA_USAGE = YES_ERROR;
				CLANG_WARN_DOCUMENTATION_COMMENTS = YES;
				CLANG_WARN_EMPTY_BODY = YES;
				CLANG_WARN_ENUM_CONVERSION = YES;
				CLANG_WARN_INFINITE_RECURSION = YES;
				CLANG_WARN_INT_CONVERSION = YES;
				CLANG_WARN_NON_LITERAL_NULL_CONVERSION = YES;
				CLANG_WARN_OBJC_IMPLICIT_RETAIN_SELF = YES;
				CLANG_WARN_OBJC_LITERAL_CONVERSION = YES;
				CLANG_WARN_OBJC_ROOT_CLASS = YES_ERROR;
				CLANG_WARN_QUOTED_INCLUDE_IN_FRAMEWORK_HEADER = YES;
				CLANG_WARN_RANGE_LOOP_ANALYSIS = YES;
				CLANG_WARN_STRICT_PROTOTYPES = YES;
				CLANG_WARN_SUSPICIOUS_MOVE = YES;
				CLANG_WARN_UNGUARDED_AVAILABILITY = YES_AGGRESSIVE;
				CLANG_WARN_UNREACHABLE_CODE = YES;
				CLANG_WARN__DUPLICATE_METHOD_MATCH = YES;
				COPY_PHASE_STRIP = NO;
				DEBUG_INFORMATION_FORMAT = dwarf;
				ENABLE_STRICT_OBJC_MSGSEND = YES;
				ENABLE_TESTABILITY = YES;
				GCC_C_LANGUAGE_STANDARD = gnu11;
				GCC_DYNAMIC_NO_PIC = NO;
				GCC_NO_COMMON_BLOCKS = YES;
				GCC_OPTIMIZATION_LEVEL = 0;
				GCC_PREPROCESSOR_DEFINITIONS = (
					"DEBUG=1",
					"$(inherited)",
				);
				GCC_WARN_64_TO_32_BIT_CONVERSION = YES;
				GCC_WARN_ABOUT_RETURN_TYPE = YES_ERROR;
				GCC_WARN_UNDECLARED_SELECTOR = YES;
				GCC_WARN_UNINITIALIZED_AUTOS = YES_AGGRESSIVE;
				GCC_WARN_UNUSED_FUNCTION = YES;
				GCC_WARN_UNUSED_VARIABLE = YES;
				IPHONEOS_DEPLOYMENT_TARGET = 15.4;
				MTL_ENABLE_DEBUG_INFO = INCLUDE_SOURCE;
				MTL_FAST_MATH = YES;
				ONLY_ACTIVE_ARCH = YES;
				SDKROOT = iphoneos;
				SWIFT_ACTIVE_COMPILATION_CONDITIONS = DEBUG;
				SWIFT_OPTIMIZATION_LEVEL = "-Onone";
			};
			name = Debug;
		};
		B5EDC1E32CC0810F003F400E /* Release */ = {
			isa = XCBuildConfiguration;
			buildSettings = {
				ALWAYS_SEARCH_USER_PATHS = NO;
				CLANG_ANALYZER_NONNULL = YES;
				CLANG_ANALYZER_NUMBER_OBJECT_CONVERSION = YES_AGGRESSIVE;
				CLANG_CXX_LANGUAGE_STANDARD = "gnu++17";
				CLANG_ENABLE_MODULES = YES;
				CLANG_ENABLE_OBJC_ARC = YES;
				CLANG_ENABLE_OBJC_WEAK = YES;
				CLANG_WARN_BLOCK_CAPTURE_AUTORELEASING = YES;
				CLANG_WARN_BOOL_CONVERSION = YES;
				CLANG_WARN_COMMA = YES;
				CLANG_WARN_CONSTANT_CONVERSION = YES;
				CLANG_WARN_DEPRECATED_OBJC_IMPLEMENTATIONS = YES;
				CLANG_WARN_DIRECT_OBJC_ISA_USAGE = YES_ERROR;
				CLANG_WARN_DOCUMENTATION_COMMENTS = YES;
				CLANG_WARN_EMPTY_BODY = YES;
				CLANG_WARN_ENUM_CONVERSION = YES;
				CLANG_WARN_INFINITE_RECURSION = YES;
				CLANG_WARN_INT_CONVERSION = YES;
				CLANG_WARN_NON_LITERAL_NULL_CONVERSION = YES;
				CLANG_WARN_OBJC_IMPLICIT_RETAIN_SELF = YES;
				CLANG_WARN_OBJC_LITERAL_CONVERSION = YES;
				CLANG_WARN_OBJC_ROOT_CLASS = YES_ERROR;
				CLANG_WARN_QUOTED_INCLUDE_IN_FRAMEWORK_HEADER = YES;
				CLANG_WARN_RANGE_LOOP_ANALYSIS = YES;
				CLANG_WARN_STRICT_PROTOTYPES = YES;
				CLANG_WARN_SUSPICIOUS_MOVE = YES;
				CLANG_WARN_UNGUARDED_AVAILABILITY = YES_AGGRESSIVE;
				CLANG_WARN_UNREACHABLE_CODE = YES;
				CLANG_WARN__DUPLICATE_METHOD_MATCH = YES;
				COPY_PHASE_STRIP = NO;
				DEBUG_INFORMATION_FORMAT = "dwarf-with-dsym";
				ENABLE_NS_ASSERTIONS = NO;
				ENABLE_STRICT_OBJC_MSGSEND = YES;
				GCC_C_LANGUAGE_STANDARD = gnu11;
				GCC_NO_COMMON_BLOCKS = YES;
				GCC_WARN_64_TO_32_BIT_CONVERSION = YES;
				GCC_WARN_ABOUT_RETURN_TYPE = YES_ERROR;
				GCC_WARN_UNDECLARED_SELECTOR = YES;
				GCC_WARN_UNINITIALIZED_AUTOS = YES_AGGRESSIVE;
				GCC_WARN_UNUSED_FUNCTION = YES;
				GCC_WARN_UNUSED_VARIABLE = YES;
				IPHONEOS_DEPLOYMENT_TARGET = 15.4;
				MTL_ENABLE_DEBUG_INFO = NO;
				MTL_FAST_MATH = YES;
				SDKROOT = iphoneos;
				SWIFT_COMPILATION_MODE = wholemodule;
				SWIFT_OPTIMIZATION_LEVEL = "-O";
				VALIDATE_PRODUCT = YES;
			};
			name = Release;
		};
		B5EDC1E52CC0810F003F400E /* Debug */ = {
			isa = XCBuildConfiguration;
			buildSettings = {
				ASSETCATALOG_COMPILER_APPICON_NAME = AppIcon;
				ASSETCATALOG_COMPILER_GLOBAL_ACCENT_COLOR_NAME = AccentColor;
				CODE_SIGN_STYLE = Automatic;
				CURRENT_PROJECT_VERSION = 1;
				GENERATE_INFOPLIST_FILE = YES;
				INFOPLIST_FILE = QuispeMaqqueAbelSnapchat/Info.plist;
				INFOPLIST_KEY_UIApplicationSupportsIndirectInputEvents = YES;
				INFOPLIST_KEY_UILaunchStoryboardName = LaunchScreen;
				INFOPLIST_KEY_UIMainStoryboardFile = Main;
				INFOPLIST_KEY_UISupportedInterfaceOrientations_iPad = "UIInterfaceOrientationPortrait UIInterfaceOrientationPortraitUpsideDown UIInterfaceOrientationLandscapeLeft UIInterfaceOrientationLandscapeRight";
				INFOPLIST_KEY_UISupportedInterfaceOrientations_iPhone = "UIInterfaceOrientationPortrait UIInterfaceOrientationLandscapeLeft UIInterfaceOrientationLandscapeRight";
				LD_RUNPATH_SEARCH_PATHS = (
					"$(inherited)",
					"@executable_path/Frameworks",
				);
				MARKETING_VERSION = 1.0;
				PRODUCT_BUNDLE_IDENTIFIER = com.miempresa.QuispeMaqqueAbelSnapchat;
				PRODUCT_NAME = "$(TARGET_NAME)";
				SWIFT_EMIT_LOC_STRINGS = YES;
				SWIFT_VERSION = 5.0;
				TARGETED_DEVICE_FAMILY = "1,2";
			};
			name = Debug;
		};
		B5EDC1E62CC0810F003F400E /* Release */ = {
			isa = XCBuildConfiguration;
			buildSettings = {
				ASSETCATALOG_COMPILER_APPICON_NAME = AppIcon;
				ASSETCATALOG_COMPILER_GLOBAL_ACCENT_COLOR_NAME = AccentColor;
				CODE_SIGN_STYLE = Automatic;
				CURRENT_PROJECT_VERSION = 1;
				GENERATE_INFOPLIST_FILE = YES;
				INFOPLIST_FILE = QuispeMaqqueAbelSnapchat/Info.plist;
				INFOPLIST_KEY_UIApplicationSupportsIndirectInputEvents = YES;
				INFOPLIST_KEY_UILaunchStoryboardName = LaunchScreen;
				INFOPLIST_KEY_UIMainStoryboardFile = Main;
				INFOPLIST_KEY_UISupportedInterfaceOrientations_iPad = "UIInterfaceOrientationPortrait UIInterfaceOrientationPortraitUpsideDown UIInterfaceOrientationLandscapeLeft UIInterfaceOrientationLandscapeRight";
				INFOPLIST_KEY_UISupportedInterfaceOrientations_iPhone = "UIInterfaceOrientationPortrait UIInterfaceOrientationLandscapeLeft UIInterfaceOrientationLandscapeRight";
				LD_RUNPATH_SEARCH_PATHS = (
					"$(inherited)",
					"@executable_path/Frameworks",
				);
				MARKETING_VERSION = 1.0;
				PRODUCT_BUNDLE_IDENTIFIER = com.miempresa.QuispeMaqqueAbelSnapchat;
				PRODUCT_NAME = "$(TARGET_NAME)";
				SWIFT_EMIT_LOC_STRINGS = YES;
				SWIFT_VERSION = 5.0;
				TARGETED_DEVICE_FAMILY = "1,2";
			};
			name = Release;
		};
/* End XCBuildConfiguration section */

/* Begin XCConfigurationList section */
		B5EDC1CB2CC08109003F400E /* Build configuration list for PBXProject "QuispeMaqqueAbelSnapchat" */ = {
			isa = XCConfigurationList;
			buildConfigurations = (
				B5EDC1E22CC0810F003F400E /* Debug */,
				B5EDC1E32CC0810F003F400E /* Release */,
			);
			defaultConfigurationIsVisible = 0;
			defaultConfigurationName = Release;
		};
		B5EDC1E42CC0810F003F400E /* Build configuration list for PBXNativeTarget "QuispeMaqqueAbelSnapchat" */ = {
			isa = XCConfigurationList;
			buildConfigurations = (
				B5EDC1E52CC0810F003F400E /* Debug */,
				B5EDC1E62CC0810F003F400E /* Release */,
			);
			defaultConfigurationIsVisible = 0;
			defaultConfigurationName = Release;
		};
/* End XCConfigurationList section */

/* Begin XCRemoteSwiftPackageReference section */
		B5EDC1E92CC0892E003F400E /* XCRemoteSwiftPackageReference "firebase-ios-sdk" */ = {
			isa = XCRemoteSwiftPackageReference;
			repositoryURL = "https://github.com/firebase/firebase-ios-sdk";
			requirement = {
				kind = versionRange;
				maximumVersion = 10.0.0;
				minimumVersion = 9.0.0;
			};
		};
/* End XCRemoteSwiftPackageReference section */

/* Begin XCSwiftPackageProductDependency section */
		B5EDC1EA2CC0892E003F400E /* FirebaseAnalytics */ = {
			isa = XCSwiftPackageProductDependency;
			package = B5EDC1E92CC0892E003F400E /* XCRemoteSwiftPackageReference "firebase-ios-sdk" */;
			productName = FirebaseAnalytics;
		};
		B5EDC1EC2CC0892E003F400E /* FirebaseAnalyticsWithoutAdIdSupport */ = {
			isa = XCSwiftPackageProductDependency;
			package = B5EDC1E92CC0892E003F400E /* XCRemoteSwiftPackageReference "firebase-ios-sdk" */;
			productName = FirebaseAnalyticsWithoutAdIdSupport;
		};
		B5EDC1EE2CC0892E003F400E /* FirebaseAuth */ = {
			isa = XCSwiftPackageProductDependency;
			package = B5EDC1E92CC0892E003F400E /* XCRemoteSwiftPackageReference "firebase-ios-sdk" */;
			productName = FirebaseAuth;
		};
		B5EDC1F02CC0892E003F400E /* FirebaseDatabase */ = {
			isa = XCSwiftPackageProductDependency;
			package = B5EDC1E92CC0892E003F400E /* XCRemoteSwiftPackageReference "firebase-ios-sdk" */;
			productName = FirebaseDatabase;
		};
		B5EDC1F22CC0892E003F400E /* FirebaseStorage */ = {
			isa = XCSwiftPackageProductDependency;
			package = B5EDC1E92CC0892E003F400E /* XCRemoteSwiftPackageReference "firebase-ios-sdk" */;
			productName = FirebaseStorage;
		};
/* End XCSwiftPackageProductDependency section */
	};
	rootObject = B5EDC1C82CC08109003F400E /* Project object */;
}
